
Microsoft Visual Studio Solution File, Format Version 12.00
Project("{FAE04EC0-301F-11D3-BF4B-00C04F79EFBC}") = "SelfCheckout.HardwareBridge.Devices", "SelfCheckout.HardwareBridge.Devices\SelfCheckout.HardwareBridge.Devices.csproj", "{6DA84096-1019-4E10-A35F-B79BBE490FAC}"
EndProject
Project("{FAE04EC0-301F-11D3-BF4B-00C04F79EFBC}") = "SelfCheckout.HardwareBridge.Core", "SelfCheckout.HardwareBridge.Core\SelfCheckout.HardwareBridge.Core.csproj", "{EB045B07-78F5-4E8C-8000-4C97DAD263D6}"
EndProject
Project("{FAE04EC0-301F-11D3-BF4B-00C04F79EFBC}") = "SelfCheckout.HardwareBridge.Abstractions", "SelfCheckout.HardwareBridge.Abstractions\SelfCheckout.HardwareBridge.Abstractions.csproj", "{20C6FC46-6C3B-4F64-A718-2B7330A0FEE8}"
EndProject
Project("{FAE04EC0-301F-11D3-BF4B-00C04F79EFBC}") = "SelfCheckout.HardwareBridge.Transports", "SelfCheckout.HardwareBridge.Transports\SelfCheckout.HardwareBridge.Transports.csproj", "{B11757AD-5687-4E8E-9527-10CC3E6D6D7F}"
EndProject
Project("{FAE04EC0-301F-11D3-BF4B-00C04F79EFBC}") = "SelfCheckout.HardwareBridge.Tests", "SelfCheckout.HardwareBridge.Tests\SelfCheckout.HardwareBridge.Tests.csproj", "{6403ABDB-7C54-4276-AF23-B40CF15EEDE0}"
EndProject
Project("{FAE04EC0-301F-11D3-BF4B-00C04F79EFBC}") = "SelfCheckout.HardwareBridge.Demo.Maui", "SelfCheckout.HardwareBridge.Demo.Maui\SelfCheckout.HardwareBridge.Demo.Maui.csproj", "{0BA1CDA2-1DF0-45C5-B579-73F21681AAD1}"
EndProject
Global
	GlobalSection(SolutionConfigurationPlatforms) = preSolution
		Debug|Any CPU = Debug|Any CPU
		Debug|x64 = Debug|x64
		Debug|x86 = Debug|x86
		Release|Any CPU = Release|Any CPU
		Release|x64 = Release|x64
		Release|x86 = Release|x86
	EndGlobalSection
	GlobalSection(ProjectConfigurationPlatforms) = postSolution
		{6DA84096-1019-4E10-A35F-B79BBE490FAC}.Debug|Any CPU.ActiveCfg = Debug|Any CPU
		{6DA84096-1019-4E10-A35F-B79BBE490FAC}.Debug|Any CPU.Build.0 = Debug|Any CPU
		{6DA84096-1019-4E10-A35F-B79BBE490FAC}.Debug|x64.ActiveCfg = Debug|Any CPU
		{6DA84096-1019-4E10-A35F-B79BBE490FAC}.Debug|x64.Build.0 = Debug|Any CPU
		{6DA84096-1019-4E10-A35F-B79BBE490FAC}.Debug|x86.ActiveCfg = Debug|Any CPU
		{6DA84096-1019-4E10-A35F-B79BBE490FAC}.Debug|x86.Build.0 = Debug|Any CPU
		{6DA84096-1019-4E10-A35F-B79BBE490FAC}.Release|Any CPU.ActiveCfg = Release|Any CPU
		{6DA84096-1019-4E10-A35F-B79BBE490FAC}.Release|Any CPU.Build.0 = Release|Any CPU
		{6DA84096-1019-4E10-A35F-B79BBE490FAC}.Release|x64.ActiveCfg = Release|Any CPU
		{6DA84096-1019-4E10-A35F-B79BBE490FAC}.Release|x64.Build.0 = Release|Any CPU
		{6DA84096-1019-4E10-A35F-B79BBE490FAC}.Release|x86.ActiveCfg = Release|Any CPU
		{6DA84096-1019-4E10-A35F-B79BBE490FAC}.Release|x86.Build.0 = Release|Any CPU
		{EB045B07-78F5-4E8C-8000-4C97DAD263D6}.Debug|Any CPU.ActiveCfg = Debug|Any CPU
		{EB045B07-78F5-4E8C-8000-4C97DAD263D6}.Debug|Any CPU.Build.0 = Debug|Any CPU
		{EB045B07-78F5-4E8C-8000-4C97DAD263D6}.Debug|x64.ActiveCfg = Debug|Any CPU
		{EB045B07-78F5-4E8C-8000-4C97DAD263D6}.Debug|x64.Build.0 = Debug|Any CPU
		{EB045B07-78F5-4E8C-8000-4C97DAD263D6}.Debug|x86.ActiveCfg = Debug|Any CPU
		{EB045B07-78F5-4E8C-8000-4C97DAD263D6}.Debug|x86.Build.0 = Debug|Any CPU
		{EB045B07-78F5-4E8C-8000-4C97DAD263D6}.Release|Any CPU.ActiveCfg = Release|Any CPU
		{EB045B07-78F5-4E8C-8000-4C97DAD263D6}.Release|Any CPU.Build.0 = Release|Any CPU
		{EB045B07-78F5-4E8C-8000-4C97DAD263D6}.Release|x64.ActiveCfg = Release|Any CPU
		{EB045B07-78F5-4E8C-8000-4C97DAD263D6}.Release|x64.Build.0 = Release|Any CPU
		{EB045B07-78F5-4E8C-8000-4C97DAD263D6}.Release|x86.ActiveCfg = Release|Any CPU
		{EB045B07-78F5-4E8C-8000-4C97DAD263D6}.Release|x86.Build.0 = Release|Any CPU
		{20C6FC46-6C3B-4F64-A718-2B7330A0FEE8}.Debug|Any CPU.ActiveCfg = Debug|Any CPU
		{20C6FC46-6C3B-4F64-A718-2B7330A0FEE8}.Debug|Any CPU.Build.0 = Debug|Any CPU
		{20C6FC46-6C3B-4F64-A718-2B7330A0FEE8}.Debug|x64.ActiveCfg = Debug|Any CPU
		{20C6FC46-6C3B-4F64-A718-2B7330A0FEE8}.Debug|x64.Build.0 = Debug|Any CPU
		{20C6FC46-6C3B-4F64-A718-2B7330A0FEE8}.Debug|x86.ActiveCfg = Debug|Any CPU
		{20C6FC46-6C3B-4F64-A718-2B7330A0FEE8}.Debug|x86.Build.0 = Debug|Any CPU
		{20C6FC46-6C3B-4F64-A718-2B7330A0FEE8}.Release|Any CPU.ActiveCfg = Release|Any CPU
		{20C6FC46-6C3B-4F64-A718-2B7330A0FEE8}.Release|Any CPU.Build.0 = Release|Any CPU
		{20C6FC46-6C3B-4F64-A718-2B7330A0FEE8}.Release|x64.ActiveCfg = Release|Any CPU
		{20C6FC46-6C3B-4F64-A718-2B7330A0FEE8}.Release|x64.Build.0 = Release|Any CPU
		{20C6FC46-6C3B-4F64-A718-2B7330A0FEE8}.Release|x86.ActiveCfg = Release|Any CPU
		{20C6FC46-6C3B-4F64-A718-2B7330A0FEE8}.Release|x86.Build.0 = Release|Any CPU
		{B11757AD-5687-4E8E-9527-10CC3E6D6D7F}.Debug|Any CPU.ActiveCfg = Debug|Any CPU
		{B11757AD-5687-4E8E-9527-10CC3E6D6D7F}.Debug|Any CPU.Build.0 = Debug|Any CPU
		{B11757AD-5687-4E8E-9527-10CC3E6D6D7F}.Debug|x64.ActiveCfg = Debug|Any CPU
		{B11757AD-5687-4E8E-9527-10CC3E6D6D7F}.Debug|x64.Build.0 = Debug|Any CPU
		{B11757AD-5687-4E8E-9527-10CC3E6D6D7F}.Debug|x86.ActiveCfg = Debug|Any CPU
		{B11757AD-5687-4E8E-9527-10CC3E6D6D7F}.Debug|x86.Build.0 = Debug|Any CPU
		{B11757AD-5687-4E8E-9527-10CC3E6D6D7F}.Release|Any CPU.ActiveCfg = Release|Any CPU
		{B11757AD-5687-4E8E-9527-10CC3E6D6D7F}.Release|Any CPU.Build.0 = Release|Any CPU
		{B11757AD-5687-4E8E-9527-10CC3E6D6D7F}.Release|x64.ActiveCfg = Release|Any CPU
		{B11757AD-5687-4E8E-9527-10CC3E6D6D7F}.Release|x64.Build.0 = Release|Any CPU
		{B11757AD-5687-4E8E-9527-10CC3E6D6D7F}.Release|x86.ActiveCfg = Release|Any CPU
		{B11757AD-5687-4E8E-9527-10CC3E6D6D7F}.Release|x86.Build.0 = Release|Any CPU
		{6403ABDB-7C54-4276-AF23-B40CF15EEDE0}.Debug|Any CPU.ActiveCfg = Debug|Any CPU
		{6403ABDB-7C54-4276-AF23-B40CF15EEDE0}.Debug|Any CPU.Build.0 = Debug|Any CPU
		{6403ABDB-7C54-4276-AF23-B40CF15EEDE0}.Debug|x64.ActiveCfg = Debug|Any CPU
		{6403ABDB-7C54-4276-AF23-B40CF15EEDE0}.Debug|x64.Build.0 = Debug|Any CPU
		{6403ABDB-7C54-4276-AF23-B40CF15EEDE0}.Debug|x86.ActiveCfg = Debug|Any CPU
		{6403ABDB-7C54-4276-AF23-B40CF15EEDE0}.Debug|x86.Build.0 = Debug|Any CPU
		{6403ABDB-7C54-4276-AF23-B40CF15EEDE0}.Release|Any CPU.ActiveCfg = Release|Any CPU
		{6403ABDB-7C54-4276-AF23-B40CF15EEDE0}.Release|Any CPU.Build.0 = Release|Any CPU
		{6403ABDB-7C54-4276-AF23-B40CF15EEDE0}.Release|x64.ActiveCfg = Release|Any CPU
		{6403ABDB-7C54-4276-AF23-B40CF15EEDE0}.Release|x64.Build.0 = Release|Any CPU
		{6403ABDB-7C54-4276-AF23-B40CF15EEDE0}.Release|x86.ActiveCfg = Release|Any CPU
		{6403ABDB-7C54-4276-AF23-B40CF15EEDE0}.Release|x86.Build.0 = Release|Any CPU
		{0BA1CDA2-1DF0-45C5-B579-73F21681AAD1}.Debug|Any CPU.ActiveCfg = Debug|Any CPU
		{0BA1CDA2-1DF0-45C5-B579-73F21681AAD1}.Debug|Any CPU.Build.0 = Debug|Any CPU
		{0BA1CDA2-1DF0-45C5-B579-73F21681AAD1}.Debug|x64.ActiveCfg = Debug|Any CPU
		{0BA1CDA2-1DF0-45C5-B579-73F21681AAD1}.Debug|x64.Build.0 = Debug|Any CPU
		{0BA1CDA2-1DF0-45C5-B579-73F21681AAD1}.Debug|x86.ActiveCfg = Debug|Any CPU
		{0BA1CDA2-1DF0-45C5-B579-73F21681AAD1}.Debug|x86.Build.0 = Debug|Any CPU
		{0BA1CDA2-1DF0-45C5-B579-73F21681AAD1}.Release|Any CPU.ActiveCfg = Release|Any CPU
		{0BA1CDA2-1DF0-45C5-B579-73F21681AAD1}.Release|Any CPU.Build.0 = Release|Any CPU
		{0BA1CDA2-1DF0-45C5-B579-73F21681AAD1}.Release|x64.ActiveCfg = Release|Any CPU
		{0BA1CDA2-1DF0-45C5-B579-73F21681AAD1}.Release|x64.Build.0 = Release|Any CPU
		{0BA1CDA2-1DF0-45C5-B579-73F21681AAD1}.Release|x86.ActiveCfg = Release|Any CPU
		{0BA1CDA2-1DF0-45C5-B579-73F21681AAD1}.Release|x86.Build.0 = Release|Any CPU
	EndGlobalSection
	GlobalSection(SolutionProperties) = preSolution
		HideSolutionNode = FALSE
	EndGlobalSection
EndGlobal
